
Microsoft Visual Studio Solution File, Format Version 12.00
# Visual Studio Version 17
VisualStudioVersion = 17.5.33424.131
MinimumVisualStudioVersion = 10.0.40219.1
Project("{FAE04EC0-301F-11D3-BF4B-00C04F79EFBC}") = "Scoreboard", "Scoreboard.csproj", "{09412571-8B88-4221-91E3-3FC30573B92C}"
EndProject
Global
	GlobalSection(SolutionConfigurationPlatforms) = preSolution
		Debug|Any CPU = Debug|Any CPU
		Release|Any CPU = Release|Any CPU
	EndGlobalSection
	GlobalSection(ProjectConfigurationPlatforms) = postSolution
		{09412571-8B88-4221-91E3-3FC30573B92C}.Debug|Any CPU.ActiveCfg = Debug|Any CPU
		{09412571-8B88-4221-91E3-3FC30573B92C}.Debug|Any CPU.Build.0 = Debug|Any CPU
		{09412571-8B88-4221-91E3-3FC30573B92C}.Release|Any CPU.ActiveCfg = Release|Any CPU
		{09412571-8B88-4221-91E3-3FC30573B92C}.Release|Any CPU.Build.0 = Release|Any CPU
	EndGlobalSection
	GlobalSection(SolutionProperties) = preSolution
		HideSolutionNode = FALSE
	EndGlobalSection
	GlobalSection(ExtensibilityGlobals) = postSolution
		SolutionGuid = {E3F4C1DF-4E42-4A65-8B20-E1D5ECD06590}
	EndGlobalSection
EndGlobal
